
Microsoft Visual Studio Solution File, Format Version 12.00
# Visual Studio Version 17
VisualStudioVersion = 17.5.33530.505
MinimumVisualStudioVersion = 10.0.40219.1
Project("{FAE04EC0-301F-11D3-BF4B-00C04F79EFBC}") = "CapaDatos", "CapaDatos\CapaDatos.csproj", "{5EB4C259-4E89-44CA-ACA8-25281222FDCE}"
EndProject
Project("{FAE04EC0-301F-11D3-BF4B-00C04F79EFBC}") = "CapaEntidades", "CapaEntidades\CapaEntidades.csproj", "{71B8644A-E2D2-4BAB-BDE1-3FD6B3C1A9F9}"
EndProject
Project("{FAE04EC0-301F-11D3-BF4B-00C04F79EFBC}") = "CapaNegocios", "CapaNegocios\CapaNegocios.csproj", "{33CB981D-5E3C-45C2-B834-BC3E38292291}"
EndProject
Project("{FAE04EC0-301F-11D3-BF4B-00C04F79EFBC}") = "Utilidades", "Utilidades\Utilidades.csproj", "{68695305-8385-4919-8D3D-7E7659EC4613}"
EndProject
Project("{FAE04EC0-301F-11D3-BF4B-00C04F79EFBC}") = "CapaPresentacion", "CapaPresentacion\CapaPresentacion.csproj", "{9E7CE3BF-B82E-4401-9B1D-1091DAE0BB90}"
EndProject
Global
	GlobalSection(SolutionConfigurationPlatforms) = preSolution
		Debug|Any CPU = Debug|Any CPU
		Release|Any CPU = Release|Any CPU
	EndGlobalSection
	GlobalSection(ProjectConfigurationPlatforms) = postSolution
		{5EB4C259-4E89-44CA-ACA8-25281222FDCE}.Debug|Any CPU.ActiveCfg = Debug|Any CPU
		{5EB4C259-4E89-44CA-ACA8-25281222FDCE}.Debug|Any CPU.Build.0 = Debug|Any CPU
		{5EB4C259-4E89-44CA-ACA8-25281222FDCE}.Release|Any CPU.ActiveCfg = Release|Any CPU
		{5EB4C259-4E89-44CA-ACA8-25281222FDCE}.Release|Any CPU.Build.0 = Release|Any CPU
		{71B8644A-E2D2-4BAB-BDE1-3FD6B3C1A9F9}.Debug|Any CPU.ActiveCfg = Debug|Any CPU
		{71B8644A-E2D2-4BAB-BDE1-3FD6B3C1A9F9}.Debug|Any CPU.Build.0 = Debug|Any CPU
		{71B8644A-E2D2-4BAB-BDE1-3FD6B3C1A9F9}.Release|Any CPU.ActiveCfg = Release|Any CPU
		{71B8644A-E2D2-4BAB-BDE1-3FD6B3C1A9F9}.Release|Any CPU.Build.0 = Release|Any CPU
		{33CB981D-5E3C-45C2-B834-BC3E38292291}.Debug|Any CPU.ActiveCfg = Debug|Any CPU
		{33CB981D-5E3C-45C2-B834-BC3E38292291}.Debug|Any CPU.Build.0 = Debug|Any CPU
		{33CB981D-5E3C-45C2-B834-BC3E38292291}.Release|Any CPU.ActiveCfg = Release|Any CPU
		{33CB981D-5E3C-45C2-B834-BC3E38292291}.Release|Any CPU.Build.0 = Release|Any CPU
		{68695305-8385-4919-8D3D-7E7659EC4613}.Debug|Any CPU.ActiveCfg = Debug|Any CPU
		{68695305-8385-4919-8D3D-7E7659EC4613}.Debug|Any CPU.Build.0 = Debug|Any CPU
		{68695305-8385-4919-8D3D-7E7659EC4613}.Release|Any CPU.ActiveCfg = Release|Any CPU
		{68695305-8385-4919-8D3D-7E7659EC4613}.Release|Any CPU.Build.0 = Release|Any CPU
		{9E7CE3BF-B82E-4401-9B1D-1091DAE0BB90}.Debug|Any CPU.ActiveCfg = Debug|Any CPU
		{9E7CE3BF-B82E-4401-9B1D-1091DAE0BB90}.Debug|Any CPU.Build.0 = Debug|Any CPU
		{9E7CE3BF-B82E-4401-9B1D-1091DAE0BB90}.Release|Any CPU.ActiveCfg = Release|Any CPU
		{9E7CE3BF-B82E-4401-9B1D-1091DAE0BB90}.Release|Any CPU.Build.0 = Release|Any CPU
	EndGlobalSection
	GlobalSection(SolutionProperties) = preSolution
		HideSolutionNode = FALSE
	EndGlobalSection
	GlobalSection(ExtensibilityGlobals) = postSolution
		SolutionGuid = {381438C0-2930-443D-8B5F-0A1FD3DAEBDF}
	EndGlobalSection
EndGlobal
